// !$*UTF8*$!
{
	archiveVersion = 1;
	classes = {
	};
	objectVersion = 54;
	objects = {

/* Begin PBXBuildFile section */
		00E356F31AD99517003FC87E /* CasperDashTests.m in Sources */ = {isa = PBXBuildFile; fileRef = 00E356F21AD99517003FC87E /* CasperDashTests.m */; };
		035EAB018B6B43ABAFB0EE72 /* Poppins-Medium.ttf in Resources */ = {isa = PBXBuildFile; fileRef = 75FA59B17B824AC29A220B5D /* Poppins-Medium.ttf */; };
		046203BD278DC40500ABF808 /* splash.png in Resources */ = {isa = PBXBuildFile; fileRef = 046203BC278DC40500ABF808 /* splash.png */; };
		052BBD61E9424BDA97246BE2 /* Poppins-Bold.ttf in Resources */ = {isa = PBXBuildFile; fileRef = D4ED6DA3485E4F55891F64FA /* Poppins-Bold.ttf */; };
		0B456D0695F3490BAF33B0FA /* Poppins-ExtraLight.ttf in Resources */ = {isa = PBXBuildFile; fileRef = 21E23CB1397A469E9A489828 /* Poppins-ExtraLight.ttf */; };
		13B07FBC1A68108700A75B9A /* AppDelegate.m in Sources */ = {isa = PBXBuildFile; fileRef = 13B07FB01A68108700A75B9A /* AppDelegate.m */; };
		13B07FBF1A68108700A75B9A /* Images.xcassets in Resources */ = {isa = PBXBuildFile; fileRef = 13B07FB51A68108700A75B9A /* Images.xcassets */; };
		13B07FC11A68108700A75B9A /* main.m in Sources */ = {isa = PBXBuildFile; fileRef = 13B07FB71A68108700A75B9A /* main.m */; };
		18AA35F675044112A743E8BA /* Lato-BlackItalic.ttf in Resources */ = {isa = PBXBuildFile; fileRef = 80E94E6C7524441280E92155 /* Lato-BlackItalic.ttf */; };
		1C1189280A72F5D40F056A50 /* libPods-CasperDash-CasperDashTests.a in Frameworks */ = {isa = PBXBuildFile; fileRef = E221053113A5A850D21B2786 /* libPods-CasperDash-CasperDashTests.a */; };
		26B9D3323D3447F68BA998F5 /* DMSans-Medium.ttf in Resources */ = {isa = PBXBuildFile; fileRef = 1BA0618FBC044A5D987BEE61 /* DMSans-Medium.ttf */; };
		2F82B67BD6E64E3A88CA054B /* Lato-BoldItalic.ttf in Resources */ = {isa = PBXBuildFile; fileRef = 934231BF4816431296FE3A2A /* Lato-BoldItalic.ttf */; };
		35A05A28193B4E4DBA7BCDCB /* DMSans-Regular.ttf in Resources */ = {isa = PBXBuildFile; fileRef = 143A30A415144E94B506454F /* DMSans-Regular.ttf */; };
		3DBF5E91CAE9426E9DC7D728 /* Poppins-BlackItalic.ttf in Resources */ = {isa = PBXBuildFile; fileRef = ADEBE5B62D494861A4102850 /* Poppins-BlackItalic.ttf */; };
		418BB4A91BA945D3B5682978 /* Lato-Thin.ttf in Resources */ = {isa = PBXBuildFile; fileRef = 342AA82392184744BFD69921 /* Lato-Thin.ttf */; };
		444A20051C354B958892F3D2 /* Lato-ThinItalic.ttf in Resources */ = {isa = PBXBuildFile; fileRef = FA7C6476DB6A4D9E8057AA4C /* Lato-ThinItalic.ttf */; };
		50D3AC6AB07849AEAD8C5E23 /* Poppins-MediumItalic.ttf in Resources */ = {isa = PBXBuildFile; fileRef = 42A12783D0F64FF2B827787D /* Poppins-MediumItalic.ttf */; };
		5A29B9C53FFE42A398C51935 /* Lato-Bold.ttf in Resources */ = {isa = PBXBuildFile; fileRef = A12714EEB5614C9A95773669 /* Lato-Bold.ttf */; };
		682D56DAFF6D4C81B25486A0 /* Lato-Black.ttf in Resources */ = {isa = PBXBuildFile; fileRef = CA35CF5E01FC41DF923DC291 /* Lato-Black.ttf */; };
		6A6D9E321B584675A78D5C18 /* DMSans-Italic.ttf in Resources */ = {isa = PBXBuildFile; fileRef = 9508EE8B27F84A808CD021B0 /* DMSans-Italic.ttf */; };
		6B960D9C25B42FC6D37E9A28 /* libPods-CasperDash.a in Frameworks */ = {isa = PBXBuildFile; fileRef = 876DE54889C0530D27AA6273 /* libPods-CasperDash.a */; };
		70F5506208634315945A3E29 /* Poppins-BoldItalic.ttf in Resources */ = {isa = PBXBuildFile; fileRef = 15C625AF1BEB46598366DD9A /* Poppins-BoldItalic.ttf */; };
		72A7FD75E98F4FFE97DDCB3D /* Poppins-ExtraBold.ttf in Resources */ = {isa = PBXBuildFile; fileRef = 188594A43CAF4A6DA17552C3 /* Poppins-ExtraBold.ttf */; };
		78AD49892C6748CBB08F8BBC /* Poppins-Black.ttf in Resources */ = {isa = PBXBuildFile; fileRef = FF425465B9E84FDA8005AC6B /* Poppins-Black.ttf */; };
		81AB9BB82411601600AC10FF /* LaunchScreen.storyboard in Resources */ = {isa = PBXBuildFile; fileRef = 81AB9BB72411601600AC10FF /* LaunchScreen.storyboard */; };
		8557EDE9A8CC44B2B8EF9C96 /* Poppins-Thin.ttf in Resources */ = {isa = PBXBuildFile; fileRef = E0B2B3E3B50D4DA886848ACA /* Poppins-Thin.ttf */; };
		9DAEAE269B754FD8BD0FE306 /* Poppins-SemiBoldItalic.ttf in Resources */ = {isa = PBXBuildFile; fileRef = FA76C25BC4464348AD2DA9AB /* Poppins-SemiBoldItalic.ttf */; };
		A692DCBDE24E48648D4C59A4 /* Poppins-ExtraBoldItalic.ttf in Resources */ = {isa = PBXBuildFile; fileRef = 76DC6172F9A249A8A46D7E75 /* Poppins-ExtraBoldItalic.ttf */; };
		A955FCB41EF94339A69619A8 /* DMSans-BoldItalic.ttf in Resources */ = {isa = PBXBuildFile; fileRef = 36A12152BCC84199AC52230E /* DMSans-BoldItalic.ttf */; };
		B15F2753CA34460786B59D14 /* Lato-Italic.ttf in Resources */ = {isa = PBXBuildFile; fileRef = A432E7EFFCF0471BBCECDD86 /* Lato-Italic.ttf */; };
		B599EAB2A42E4598B6148383 /* Poppins-Italic.ttf in Resources */ = {isa = PBXBuildFile; fileRef = 49D4F304BE9C45AB958559D2 /* Poppins-Italic.ttf */; };
		C005A936E2284B2E89006ED8 /* Poppins-Light.ttf in Resources */ = {isa = PBXBuildFile; fileRef = C69807E116954F2F81771B03 /* Poppins-Light.ttf */; };
		CEE9A9D6B243450A94EC329B /* Poppins-SemiBold.ttf in Resources */ = {isa = PBXBuildFile; fileRef = 880AE01A6731444386C67174 /* Poppins-SemiBold.ttf */; };
		D0A1A9B4E9894A74AD84EFB1 /* Poppins-ThinItalic.ttf in Resources */ = {isa = PBXBuildFile; fileRef = 7975C97BB9C84BA38E79AD28 /* Poppins-ThinItalic.ttf */; };
		D271730A94B3413182288176 /* DMSans-Bold.ttf in Resources */ = {isa = PBXBuildFile; fileRef = 4C976F3DDC9E47A991FB202E /* DMSans-Bold.ttf */; };
		D44EAAD995F048E18EC13F6A /* Lato-LightItalic.ttf in Resources */ = {isa = PBXBuildFile; fileRef = 7EB20576527A41F1A4CDD57C /* Lato-LightItalic.ttf */; };
		DF9B5DAEC8C04BFCAB403771 /* Poppins-LightItalic.ttf in Resources */ = {isa = PBXBuildFile; fileRef = 42B1FB69DB5748CAB4EF5116 /* Poppins-LightItalic.ttf */; };
		E5FD22F353244BAD95DB3BD6 /* Lato-Regular.ttf in Resources */ = {isa = PBXBuildFile; fileRef = F7E1DE908B3C434EB2BE79B2 /* Lato-Regular.ttf */; };
		EEA08F818957497B82D498D7 /* DMSans-MediumItalic.ttf in Resources */ = {isa = PBXBuildFile; fileRef = 6CF6E95538B8404CA4F470CC /* DMSans-MediumItalic.ttf */; };
		F45AFEC1802C45B8B3D106B9 /* Poppins-ExtraLightItalic.ttf in Resources */ = {isa = PBXBuildFile; fileRef = 39133BAF9CF7430EA09A9DB8 /* Poppins-ExtraLightItalic.ttf */; };
		FC1C7CC6A2CF40618317A924 /* Lato-Light.ttf in Resources */ = {isa = PBXBuildFile; fileRef = 73C8847E6CAB44E2B6DB2AC6 /* Lato-Light.ttf */; };
		FEDE4505332E461AB2020532 /* Poppins-Regular.ttf in Resources */ = {isa = PBXBuildFile; fileRef = CD64B48A96364EA2837C95AC /* Poppins-Regular.ttf */; };
/* End PBXBuildFile section */

/* Begin PBXContainerItemProxy section */
		00E356F41AD99517003FC87E /* PBXContainerItemProxy */ = {
			isa = PBXContainerItemProxy;
			containerPortal = 83CBB9F71A601CBA00E9B192 /* Project object */;
			proxyType = 1;
			remoteGlobalIDString = 13B07F861A680F5B00A75B9A;
			remoteInfo = CasperDash;
		};
/* End PBXContainerItemProxy section */

/* Begin PBXFileReference section */
		00E356EE1AD99517003FC87E /* CasperDashTests.xctest */ = {isa = PBXFileReference; explicitFileType = wrapper.cfbundle; includeInIndex = 0; path = CasperDashTests.xctest; sourceTree = BUILT_PRODUCTS_DIR; };
		00E356F11AD99517003FC87E /* Info.plist */ = {isa = PBXFileReference; lastKnownFileType = text.plist.xml; path = Info.plist; sourceTree = "<group>"; };
		00E356F21AD99517003FC87E /* CasperDashTests.m */ = {isa = PBXFileReference; lastKnownFileType = sourcecode.c.objc; path = CasperDashTests.m; sourceTree = "<group>"; };
		046203BC278DC40500ABF808 /* splash.png */ = {isa = PBXFileReference; lastKnownFileType = image.png; path = splash.png; sourceTree = "<group>"; };
		13B07F961A680F5B00A75B9A /* CasperDash.app */ = {isa = PBXFileReference; explicitFileType = wrapper.application; includeInIndex = 0; path = CasperDash.app; sourceTree = BUILT_PRODUCTS_DIR; };
		13B07FAF1A68108700A75B9A /* AppDelegate.h */ = {isa = PBXFileReference; fileEncoding = 4; lastKnownFileType = sourcecode.c.h; name = AppDelegate.h; path = CasperDash/AppDelegate.h; sourceTree = "<group>"; };
		13B07FB01A68108700A75B9A /* AppDelegate.m */ = {isa = PBXFileReference; fileEncoding = 4; lastKnownFileType = sourcecode.c.objc; name = AppDelegate.m; path = CasperDash/AppDelegate.m; sourceTree = "<group>"; };
		13B07FB51A68108700A75B9A /* Images.xcassets */ = {isa = PBXFileReference; lastKnownFileType = folder.assetcatalog; name = Images.xcassets; path = CasperDash/Images.xcassets; sourceTree = "<group>"; };
		13B07FB61A68108700A75B9A /* Info.plist */ = {isa = PBXFileReference; fileEncoding = 4; lastKnownFileType = text.plist.xml; name = Info.plist; path = CasperDash/Info.plist; sourceTree = "<group>"; };
		13B07FB71A68108700A75B9A /* main.m */ = {isa = PBXFileReference; fileEncoding = 4; lastKnownFileType = sourcecode.c.objc; name = main.m; path = CasperDash/main.m; sourceTree = "<group>"; };
		143A30A415144E94B506454F /* DMSans-Regular.ttf */ = {isa = PBXFileReference; explicitFileType = undefined; fileEncoding = 9; includeInIndex = 0; lastKnownFileType = unknown; name = "DMSans-Regular.ttf"; path = "../src/assets/fonts/DMSans-Regular.ttf"; sourceTree = "<group>"; };
		15C625AF1BEB46598366DD9A /* Poppins-BoldItalic.ttf */ = {isa = PBXFileReference; explicitFileType = undefined; fileEncoding = 9; includeInIndex = 0; lastKnownFileType = unknown; name = "Poppins-BoldItalic.ttf"; path = "../src/assets/fonts/Poppins-BoldItalic.ttf"; sourceTree = "<group>"; };
		188594A43CAF4A6DA17552C3 /* Poppins-ExtraBold.ttf */ = {isa = PBXFileReference; explicitFileType = undefined; fileEncoding = 9; includeInIndex = 0; lastKnownFileType = unknown; name = "Poppins-ExtraBold.ttf"; path = "../src/assets/fonts/Poppins-ExtraBold.ttf"; sourceTree = "<group>"; };
		1BA0618FBC044A5D987BEE61 /* DMSans-Medium.ttf */ = {isa = PBXFileReference; explicitFileType = undefined; fileEncoding = 9; includeInIndex = 0; lastKnownFileType = unknown; name = "DMSans-Medium.ttf"; path = "../src/assets/fonts/DMSans-Medium.ttf"; sourceTree = "<group>"; };
		1DF07D6FB69E486998620FE6 /* EvilIcons.ttf */ = {isa = PBXFileReference; explicitFileType = undefined; fileEncoding = 9; includeInIndex = 0; lastKnownFileType = unknown; name = EvilIcons.ttf; path = "../node_modules/react-native-vector-icons/Fonts/EvilIcons.ttf"; sourceTree = "<group>"; };
		21E23CB1397A469E9A489828 /* Poppins-ExtraLight.ttf */ = {isa = PBXFileReference; explicitFileType = undefined; fileEncoding = 9; includeInIndex = 0; lastKnownFileType = unknown; name = "Poppins-ExtraLight.ttf"; path = "../src/assets/fonts/Poppins-ExtraLight.ttf"; sourceTree = "<group>"; };
		230C57EB641FD8D0EAC1FA09 /* Pods-CasperDash.release.xcconfig */ = {isa = PBXFileReference; includeInIndex = 1; lastKnownFileType = text.xcconfig; name = "Pods-CasperDash.release.xcconfig"; path = "Target Support Files/Pods-CasperDash/Pods-CasperDash.release.xcconfig"; sourceTree = "<group>"; };
		294EC6B833947F81C134B72F /* Pods-CasperDash-CasperDashTests.release.xcconfig */ = {isa = PBXFileReference; includeInIndex = 1; lastKnownFileType = text.xcconfig; name = "Pods-CasperDash-CasperDashTests.release.xcconfig"; path = "Target Support Files/Pods-CasperDash-CasperDashTests/Pods-CasperDash-CasperDashTests.release.xcconfig"; sourceTree = "<group>"; };
		2973C12315094BCDACC4296C /* Entypo.ttf */ = {isa = PBXFileReference; explicitFileType = undefined; fileEncoding = 9; includeInIndex = 0; lastKnownFileType = unknown; name = Entypo.ttf; path = "../node_modules/react-native-vector-icons/Fonts/Entypo.ttf"; sourceTree = "<group>"; };
		2AF28CE3FFA44344B78CE2DA /* MaterialIcons.ttf */ = {isa = PBXFileReference; explicitFileType = undefined; fileEncoding = 9; includeInIndex = 0; lastKnownFileType = unknown; name = MaterialIcons.ttf; path = "../node_modules/react-native-vector-icons/Fonts/MaterialIcons.ttf"; sourceTree = "<group>"; };
		2B29A315165D4471AB4E9E84 /* FontAwesome.ttf */ = {isa = PBXFileReference; explicitFileType = undefined; fileEncoding = 9; includeInIndex = 0; lastKnownFileType = unknown; name = FontAwesome.ttf; path = "../node_modules/react-native-vector-icons/Fonts/FontAwesome.ttf"; sourceTree = "<group>"; };
		312B4E1127C0BE8B126E2BB8 /* Pods-CasperDash-CasperDashTests.debug.xcconfig */ = {isa = PBXFileReference; includeInIndex = 1; lastKnownFileType = text.xcconfig; name = "Pods-CasperDash-CasperDashTests.debug.xcconfig"; path = "Target Support Files/Pods-CasperDash-CasperDashTests/Pods-CasperDash-CasperDashTests.debug.xcconfig"; sourceTree = "<group>"; };
		342AA82392184744BFD69921 /* Lato-Thin.ttf */ = {isa = PBXFileReference; explicitFileType = undefined; fileEncoding = 9; includeInIndex = 0; lastKnownFileType = unknown; name = "Lato-Thin.ttf"; path = "../src/assets/fonts/Lato-Thin.ttf"; sourceTree = "<group>"; };
		36A12152BCC84199AC52230E /* DMSans-BoldItalic.ttf */ = {isa = PBXFileReference; explicitFileType = undefined; fileEncoding = 9; includeInIndex = 0; lastKnownFileType = unknown; name = "DMSans-BoldItalic.ttf"; path = "../src/assets/fonts/DMSans-BoldItalic.ttf"; sourceTree = "<group>"; };
		39133BAF9CF7430EA09A9DB8 /* Poppins-ExtraLightItalic.ttf */ = {isa = PBXFileReference; explicitFileType = undefined; fileEncoding = 9; includeInIndex = 0; lastKnownFileType = unknown; name = "Poppins-ExtraLightItalic.ttf"; path = "../src/assets/fonts/Poppins-ExtraLightItalic.ttf"; sourceTree = "<group>"; };
		3E34FCB71E6A415CBBDEC622 /* FontAwesome5_Brands.ttf */ = {isa = PBXFileReference; explicitFileType = undefined; fileEncoding = 9; includeInIndex = 0; lastKnownFileType = unknown; name = FontAwesome5_Brands.ttf; path = "../node_modules/react-native-vector-icons/Fonts/FontAwesome5_Brands.ttf"; sourceTree = "<group>"; };
		42A12783D0F64FF2B827787D /* Poppins-MediumItalic.ttf */ = {isa = PBXFileReference; explicitFileType = undefined; fileEncoding = 9; includeInIndex = 0; lastKnownFileType = unknown; name = "Poppins-MediumItalic.ttf"; path = "../src/assets/fonts/Poppins-MediumItalic.ttf"; sourceTree = "<group>"; };
		42B1FB69DB5748CAB4EF5116 /* Poppins-LightItalic.ttf */ = {isa = PBXFileReference; explicitFileType = undefined; fileEncoding = 9; includeInIndex = 0; lastKnownFileType = unknown; name = "Poppins-LightItalic.ttf"; path = "../src/assets/fonts/Poppins-LightItalic.ttf"; sourceTree = "<group>"; };
		49D4F304BE9C45AB958559D2 /* Poppins-Italic.ttf */ = {isa = PBXFileReference; explicitFileType = undefined; fileEncoding = 9; includeInIndex = 0; lastKnownFileType = unknown; name = "Poppins-Italic.ttf"; path = "../src/assets/fonts/Poppins-Italic.ttf"; sourceTree = "<group>"; };
		4C976F3DDC9E47A991FB202E /* DMSans-Bold.ttf */ = {isa = PBXFileReference; explicitFileType = undefined; fileEncoding = 9; includeInIndex = 0; lastKnownFileType = unknown; name = "DMSans-Bold.ttf"; path = "../src/assets/fonts/DMSans-Bold.ttf"; sourceTree = "<group>"; };
		4E57A5F87D96DE290CA18132 /* Pods-CasperDash.debug.xcconfig */ = {isa = PBXFileReference; includeInIndex = 1; lastKnownFileType = text.xcconfig; name = "Pods-CasperDash.debug.xcconfig"; path = "Target Support Files/Pods-CasperDash/Pods-CasperDash.debug.xcconfig"; sourceTree = "<group>"; };
		5135E8AD658D4426B8D98340 /* Foundation.ttf */ = {isa = PBXFileReference; explicitFileType = undefined; fileEncoding = 9; includeInIndex = 0; lastKnownFileType = unknown; name = Foundation.ttf; path = "../node_modules/react-native-vector-icons/Fonts/Foundation.ttf"; sourceTree = "<group>"; };
		616C1CD56C334696B1F6E04E /* Feather.ttf */ = {isa = PBXFileReference; explicitFileType = undefined; fileEncoding = 9; includeInIndex = 0; lastKnownFileType = unknown; name = Feather.ttf; path = "../node_modules/react-native-vector-icons/Fonts/Feather.ttf"; sourceTree = "<group>"; };
		6CF6E95538B8404CA4F470CC /* DMSans-MediumItalic.ttf */ = {isa = PBXFileReference; explicitFileType = undefined; fileEncoding = 9; includeInIndex = 0; lastKnownFileType = unknown; name = "DMSans-MediumItalic.ttf"; path = "../src/assets/fonts/DMSans-MediumItalic.ttf"; sourceTree = "<group>"; };
		73C8847E6CAB44E2B6DB2AC6 /* Lato-Light.ttf */ = {isa = PBXFileReference; explicitFileType = undefined; fileEncoding = 9; includeInIndex = 0; lastKnownFileType = unknown; name = "Lato-Light.ttf"; path = "../src/assets/fonts/Lato-Light.ttf"; sourceTree = "<group>"; };
		75FA59B17B824AC29A220B5D /* Poppins-Medium.ttf */ = {isa = PBXFileReference; explicitFileType = undefined; fileEncoding = 9; includeInIndex = 0; lastKnownFileType = unknown; name = "Poppins-Medium.ttf"; path = "../src/assets/fonts/Poppins-Medium.ttf"; sourceTree = "<group>"; };
		76DC6172F9A249A8A46D7E75 /* Poppins-ExtraBoldItalic.ttf */ = {isa = PBXFileReference; explicitFileType = undefined; fileEncoding = 9; includeInIndex = 0; lastKnownFileType = unknown; name = "Poppins-ExtraBoldItalic.ttf"; path = "../src/assets/fonts/Poppins-ExtraBoldItalic.ttf"; sourceTree = "<group>"; };
		7975C97BB9C84BA38E79AD28 /* Poppins-ThinItalic.ttf */ = {isa = PBXFileReference; explicitFileType = undefined; fileEncoding = 9; includeInIndex = 0; lastKnownFileType = unknown; name = "Poppins-ThinItalic.ttf"; path = "../src/assets/fonts/Poppins-ThinItalic.ttf"; sourceTree = "<group>"; };
		7EB20576527A41F1A4CDD57C /* Lato-LightItalic.ttf */ = {isa = PBXFileReference; explicitFileType = undefined; fileEncoding = 9; includeInIndex = 0; lastKnownFileType = unknown; name = "Lato-LightItalic.ttf"; path = "../src/assets/fonts/Lato-LightItalic.ttf"; sourceTree = "<group>"; };
		80E94E6C7524441280E92155 /* Lato-BlackItalic.ttf */ = {isa = PBXFileReference; explicitFileType = undefined; fileEncoding = 9; includeInIndex = 0; lastKnownFileType = unknown; name = "Lato-BlackItalic.ttf"; path = "../src/assets/fonts/Lato-BlackItalic.ttf"; sourceTree = "<group>"; };
		81AB9BB72411601600AC10FF /* LaunchScreen.storyboard */ = {isa = PBXFileReference; fileEncoding = 4; lastKnownFileType = file.storyboard; name = LaunchScreen.storyboard; path = CasperDash/LaunchScreen.storyboard; sourceTree = "<group>"; };
		876DE54889C0530D27AA6273 /* libPods-CasperDash.a */ = {isa = PBXFileReference; explicitFileType = archive.ar; includeInIndex = 0; path = "libPods-CasperDash.a"; sourceTree = BUILT_PRODUCTS_DIR; };
		880AE01A6731444386C67174 /* Poppins-SemiBold.ttf */ = {isa = PBXFileReference; explicitFileType = undefined; fileEncoding = 9; includeInIndex = 0; lastKnownFileType = unknown; name = "Poppins-SemiBold.ttf"; path = "../src/assets/fonts/Poppins-SemiBold.ttf"; sourceTree = "<group>"; };
		934231BF4816431296FE3A2A /* Lato-BoldItalic.ttf */ = {isa = PBXFileReference; explicitFileType = undefined; fileEncoding = 9; includeInIndex = 0; lastKnownFileType = unknown; name = "Lato-BoldItalic.ttf"; path = "../src/assets/fonts/Lato-BoldItalic.ttf"; sourceTree = "<group>"; };
		9508EE8B27F84A808CD021B0 /* DMSans-Italic.ttf */ = {isa = PBXFileReference; explicitFileType = undefined; fileEncoding = 9; includeInIndex = 0; lastKnownFileType = unknown; name = "DMSans-Italic.ttf"; path = "../src/assets/fonts/DMSans-Italic.ttf"; sourceTree = "<group>"; };
		A12714EEB5614C9A95773669 /* Lato-Bold.ttf */ = {isa = PBXFileReference; explicitFileType = undefined; fileEncoding = 9; includeInIndex = 0; lastKnownFileType = unknown; name = "Lato-Bold.ttf"; path = "../src/assets/fonts/Lato-Bold.ttf"; sourceTree = "<group>"; };
		A2AAB3AD7D2D4A25B66451EE /* Ionicons.ttf */ = {isa = PBXFileReference; explicitFileType = undefined; fileEncoding = 9; includeInIndex = 0; lastKnownFileType = unknown; name = Ionicons.ttf; path = "../node_modules/react-native-vector-icons/Fonts/Ionicons.ttf"; sourceTree = "<group>"; };
		A3EAFB938121470FAAA7C88F /* FontAwesome5_Regular.ttf */ = {isa = PBXFileReference; explicitFileType = undefined; fileEncoding = 9; includeInIndex = 0; lastKnownFileType = unknown; name = FontAwesome5_Regular.ttf; path = "../node_modules/react-native-vector-icons/Fonts/FontAwesome5_Regular.ttf"; sourceTree = "<group>"; };
		A432E7EFFCF0471BBCECDD86 /* Lato-Italic.ttf */ = {isa = PBXFileReference; explicitFileType = undefined; fileEncoding = 9; includeInIndex = 0; lastKnownFileType = unknown; name = "Lato-Italic.ttf"; path = "../src/assets/fonts/Lato-Italic.ttf"; sourceTree = "<group>"; };
		A4C366B665464A038C678574 /* Fontisto.ttf */ = {isa = PBXFileReference; explicitFileType = undefined; fileEncoding = 9; includeInIndex = 0; lastKnownFileType = unknown; name = Fontisto.ttf; path = "../node_modules/react-native-vector-icons/Fonts/Fontisto.ttf"; sourceTree = "<group>"; };
		A631623B5A9349BA89B2C213 /* MaterialCommunityIcons.ttf */ = {isa = PBXFileReference; explicitFileType = undefined; fileEncoding = 9; includeInIndex = 0; lastKnownFileType = unknown; name = MaterialCommunityIcons.ttf; path = "../node_modules/react-native-vector-icons/Fonts/MaterialCommunityIcons.ttf"; sourceTree = "<group>"; };
		ADEBE5B62D494861A4102850 /* Poppins-BlackItalic.ttf */ = {isa = PBXFileReference; explicitFileType = undefined; fileEncoding = 9; includeInIndex = 0; lastKnownFileType = unknown; name = "Poppins-BlackItalic.ttf"; path = "../src/assets/fonts/Poppins-BlackItalic.ttf"; sourceTree = "<group>"; };
		B08216C9DF4148A086A7950A /* Zocial.ttf */ = {isa = PBXFileReference; explicitFileType = undefined; fileEncoding = 9; includeInIndex = 0; lastKnownFileType = unknown; name = Zocial.ttf; path = "../node_modules/react-native-vector-icons/Fonts/Zocial.ttf"; sourceTree = "<group>"; };
		B6ED834CC9DA493E99692A94 /* AntDesign.ttf */ = {isa = PBXFileReference; explicitFileType = undefined; fileEncoding = 9; includeInIndex = 0; lastKnownFileType = unknown; name = AntDesign.ttf; path = "../node_modules/react-native-vector-icons/Fonts/AntDesign.ttf"; sourceTree = "<group>"; };
		BA1009C2A55348B4B001DFE7 /* Octicons.ttf */ = {isa = PBXFileReference; explicitFileType = undefined; fileEncoding = 9; includeInIndex = 0; lastKnownFileType = unknown; name = Octicons.ttf; path = "../node_modules/react-native-vector-icons/Fonts/Octicons.ttf"; sourceTree = "<group>"; };
		C53D722CB73548AEB20BC62C /* SimpleLineIcons.ttf */ = {isa = PBXFileReference; explicitFileType = undefined; fileEncoding = 9; includeInIndex = 0; lastKnownFileType = unknown; name = SimpleLineIcons.ttf; path = "../node_modules/react-native-vector-icons/Fonts/SimpleLineIcons.ttf"; sourceTree = "<group>"; };
		C69807E116954F2F81771B03 /* Poppins-Light.ttf */ = {isa = PBXFileReference; explicitFileType = undefined; fileEncoding = 9; includeInIndex = 0; lastKnownFileType = unknown; name = "Poppins-Light.ttf"; path = "../src/assets/fonts/Poppins-Light.ttf"; sourceTree = "<group>"; };
		CA35CF5E01FC41DF923DC291 /* Lato-Black.ttf */ = {isa = PBXFileReference; explicitFileType = undefined; fileEncoding = 9; includeInIndex = 0; lastKnownFileType = unknown; name = "Lato-Black.ttf"; path = "../src/assets/fonts/Lato-Black.ttf"; sourceTree = "<group>"; };
		CD64B48A96364EA2837C95AC /* Poppins-Regular.ttf */ = {isa = PBXFileReference; explicitFileType = undefined; fileEncoding = 9; includeInIndex = 0; lastKnownFileType = unknown; name = "Poppins-Regular.ttf"; path = "../src/assets/fonts/Poppins-Regular.ttf"; sourceTree = "<group>"; };
		D4ED6DA3485E4F55891F64FA /* Poppins-Bold.ttf */ = {isa = PBXFileReference; explicitFileType = undefined; fileEncoding = 9; includeInIndex = 0; lastKnownFileType = unknown; name = "Poppins-Bold.ttf"; path = "../src/assets/fonts/Poppins-Bold.ttf"; sourceTree = "<group>"; };
		DA60F8B5E5D843BBA0AEC536 /* FontAwesome5_Solid.ttf */ = {isa = PBXFileReference; explicitFileType = undefined; fileEncoding = 9; includeInIndex = 0; lastKnownFileType = unknown; name = FontAwesome5_Solid.ttf; path = "../node_modules/react-native-vector-icons/Fonts/FontAwesome5_Solid.ttf"; sourceTree = "<group>"; };
		E0B2B3E3B50D4DA886848ACA /* Poppins-Thin.ttf */ = {isa = PBXFileReference; explicitFileType = undefined; fileEncoding = 9; includeInIndex = 0; lastKnownFileType = unknown; name = "Poppins-Thin.ttf"; path = "../src/assets/fonts/Poppins-Thin.ttf"; sourceTree = "<group>"; };
		E221053113A5A850D21B2786 /* libPods-CasperDash-CasperDashTests.a */ = {isa = PBXFileReference; explicitFileType = archive.ar; includeInIndex = 0; path = "libPods-CasperDash-CasperDashTests.a"; sourceTree = BUILT_PRODUCTS_DIR; };
		ED297162215061F000B7C4FE /* JavaScriptCore.framework */ = {isa = PBXFileReference; lastKnownFileType = wrapper.framework; name = JavaScriptCore.framework; path = System/Library/Frameworks/JavaScriptCore.framework; sourceTree = SDKROOT; };
		F7E1DE908B3C434EB2BE79B2 /* Lato-Regular.ttf */ = {isa = PBXFileReference; explicitFileType = undefined; fileEncoding = 9; includeInIndex = 0; lastKnownFileType = unknown; name = "Lato-Regular.ttf"; path = "../src/assets/fonts/Lato-Regular.ttf"; sourceTree = "<group>"; };
		FA76C25BC4464348AD2DA9AB /* Poppins-SemiBoldItalic.ttf */ = {isa = PBXFileReference; explicitFileType = undefined; fileEncoding = 9; includeInIndex = 0; lastKnownFileType = unknown; name = "Poppins-SemiBoldItalic.ttf"; path = "../src/assets/fonts/Poppins-SemiBoldItalic.ttf"; sourceTree = "<group>"; };
		FA7C6476DB6A4D9E8057AA4C /* Lato-ThinItalic.ttf */ = {isa = PBXFileReference; explicitFileType = undefined; fileEncoding = 9; includeInIndex = 0; lastKnownFileType = unknown; name = "Lato-ThinItalic.ttf"; path = "../src/assets/fonts/Lato-ThinItalic.ttf"; sourceTree = "<group>"; };
		FF425465B9E84FDA8005AC6B /* Poppins-Black.ttf */ = {isa = PBXFileReference; explicitFileType = undefined; fileEncoding = 9; includeInIndex = 0; lastKnownFileType = unknown; name = "Poppins-Black.ttf"; path = "../src/assets/fonts/Poppins-Black.ttf"; sourceTree = "<group>"; };
/* End PBXFileReference section */

/* Begin PBXFrameworksBuildPhase section */
		00E356EB1AD99517003FC87E /* Frameworks */ = {
			isa = PBXFrameworksBuildPhase;
			buildActionMask = 2147483647;
			files = (
				1C1189280A72F5D40F056A50 /* libPods-CasperDash-CasperDashTests.a in Frameworks */,
			);
			runOnlyForDeploymentPostprocessing = 0;
		};
		13B07F8C1A680F5B00A75B9A /* Frameworks */ = {
			isa = PBXFrameworksBuildPhase;
			buildActionMask = 2147483647;
			files = (
				6B960D9C25B42FC6D37E9A28 /* libPods-CasperDash.a in Frameworks */,
			);
			runOnlyForDeploymentPostprocessing = 0;
		};
/* End PBXFrameworksBuildPhase section */

/* Begin PBXGroup section */
		00E356EF1AD99517003FC87E /* CasperDashTests */ = {
			isa = PBXGroup;
			children = (
				00E356F21AD99517003FC87E /* CasperDashTests.m */,
				00E356F01AD99517003FC87E /* Supporting Files */,
			);
			path = CasperDashTests;
			sourceTree = "<group>";
		};
		00E356F01AD99517003FC87E /* Supporting Files */ = {
			isa = PBXGroup;
			children = (
				00E356F11AD99517003FC87E /* Info.plist */,
			);
			name = "Supporting Files";
			sourceTree = "<group>";
		};
		13B07FAE1A68108700A75B9A /* CasperDash */ = {
			isa = PBXGroup;
			children = (
				046203BC278DC40500ABF808 /* splash.png */,
				13B07FAF1A68108700A75B9A /* AppDelegate.h */,
				13B07FB01A68108700A75B9A /* AppDelegate.m */,
				13B07FB51A68108700A75B9A /* Images.xcassets */,
				13B07FB61A68108700A75B9A /* Info.plist */,
				81AB9BB72411601600AC10FF /* LaunchScreen.storyboard */,
				13B07FB71A68108700A75B9A /* main.m */,
			);
			name = CasperDash;
			sourceTree = "<group>";
		};
		2D16E6871FA4F8E400B85C8A /* Frameworks */ = {
			isa = PBXGroup;
			children = (
				ED297162215061F000B7C4FE /* JavaScriptCore.framework */,
				876DE54889C0530D27AA6273 /* libPods-CasperDash.a */,
				E221053113A5A850D21B2786 /* libPods-CasperDash-CasperDashTests.a */,
			);
			name = Frameworks;
			sourceTree = "<group>";
		};
		832341AE1AAA6A7D00B99B32 /* Libraries */ = {
			isa = PBXGroup;
			children = (
			);
			name = Libraries;
			sourceTree = "<group>";
		};
		83CBB9F61A601CBA00E9B192 = {
			isa = PBXGroup;
			children = (
				13B07FAE1A68108700A75B9A /* CasperDash */,
				832341AE1AAA6A7D00B99B32 /* Libraries */,
				00E356EF1AD99517003FC87E /* CasperDashTests */,
				83CBBA001A601CBA00E9B192 /* Products */,
				2D16E6871FA4F8E400B85C8A /* Frameworks */,
				8D01F2A4DF548547792C3108 /* Pods */,
				B62D5F45390A4FB0A0A454B0 /* Resources */,
			);
			indentWidth = 2;
			sourceTree = "<group>";
			tabWidth = 2;
			usesTabs = 0;
		};
		83CBBA001A601CBA00E9B192 /* Products */ = {
			isa = PBXGroup;
			children = (
				13B07F961A680F5B00A75B9A /* CasperDash.app */,
				00E356EE1AD99517003FC87E /* CasperDashTests.xctest */,
			);
			name = Products;
			sourceTree = "<group>";
		};
		8D01F2A4DF548547792C3108 /* Pods */ = {
			isa = PBXGroup;
			children = (
				4E57A5F87D96DE290CA18132 /* Pods-CasperDash.debug.xcconfig */,
				230C57EB641FD8D0EAC1FA09 /* Pods-CasperDash.release.xcconfig */,
				312B4E1127C0BE8B126E2BB8 /* Pods-CasperDash-CasperDashTests.debug.xcconfig */,
				294EC6B833947F81C134B72F /* Pods-CasperDash-CasperDashTests.release.xcconfig */,
			);
			path = Pods;
			sourceTree = "<group>";
		};
		B62D5F45390A4FB0A0A454B0 /* Resources */ = {
			isa = PBXGroup;
			children = (
				B6ED834CC9DA493E99692A94 /* AntDesign.ttf */,
				2973C12315094BCDACC4296C /* Entypo.ttf */,
				1DF07D6FB69E486998620FE6 /* EvilIcons.ttf */,
				616C1CD56C334696B1F6E04E /* Feather.ttf */,
				2B29A315165D4471AB4E9E84 /* FontAwesome.ttf */,
				3E34FCB71E6A415CBBDEC622 /* FontAwesome5_Brands.ttf */,
				A3EAFB938121470FAAA7C88F /* FontAwesome5_Regular.ttf */,
				DA60F8B5E5D843BBA0AEC536 /* FontAwesome5_Solid.ttf */,
				A4C366B665464A038C678574 /* Fontisto.ttf */,
				5135E8AD658D4426B8D98340 /* Foundation.ttf */,
				A2AAB3AD7D2D4A25B66451EE /* Ionicons.ttf */,
				A631623B5A9349BA89B2C213 /* MaterialCommunityIcons.ttf */,
				2AF28CE3FFA44344B78CE2DA /* MaterialIcons.ttf */,
				BA1009C2A55348B4B001DFE7 /* Octicons.ttf */,
				C53D722CB73548AEB20BC62C /* SimpleLineIcons.ttf */,
				B08216C9DF4148A086A7950A /* Zocial.ttf */,
				FF425465B9E84FDA8005AC6B /* Poppins-Black.ttf */,
				ADEBE5B62D494861A4102850 /* Poppins-BlackItalic.ttf */,
				D4ED6DA3485E4F55891F64FA /* Poppins-Bold.ttf */,
				15C625AF1BEB46598366DD9A /* Poppins-BoldItalic.ttf */,
				188594A43CAF4A6DA17552C3 /* Poppins-ExtraBold.ttf */,
				76DC6172F9A249A8A46D7E75 /* Poppins-ExtraBoldItalic.ttf */,
				21E23CB1397A469E9A489828 /* Poppins-ExtraLight.ttf */,
				39133BAF9CF7430EA09A9DB8 /* Poppins-ExtraLightItalic.ttf */,
				49D4F304BE9C45AB958559D2 /* Poppins-Italic.ttf */,
				C69807E116954F2F81771B03 /* Poppins-Light.ttf */,
				42B1FB69DB5748CAB4EF5116 /* Poppins-LightItalic.ttf */,
				75FA59B17B824AC29A220B5D /* Poppins-Medium.ttf */,
				42A12783D0F64FF2B827787D /* Poppins-MediumItalic.ttf */,
				CD64B48A96364EA2837C95AC /* Poppins-Regular.ttf */,
				880AE01A6731444386C67174 /* Poppins-SemiBold.ttf */,
				FA76C25BC4464348AD2DA9AB /* Poppins-SemiBoldItalic.ttf */,
				E0B2B3E3B50D4DA886848ACA /* Poppins-Thin.ttf */,
				7975C97BB9C84BA38E79AD28 /* Poppins-ThinItalic.ttf */,
				4C976F3DDC9E47A991FB202E /* DMSans-Bold.ttf */,
				36A12152BCC84199AC52230E /* DMSans-BoldItalic.ttf */,
				9508EE8B27F84A808CD021B0 /* DMSans-Italic.ttf */,
				1BA0618FBC044A5D987BEE61 /* DMSans-Medium.ttf */,
				6CF6E95538B8404CA4F470CC /* DMSans-MediumItalic.ttf */,
				143A30A415144E94B506454F /* DMSans-Regular.ttf */,
				CA35CF5E01FC41DF923DC291 /* Lato-Black.ttf */,
				80E94E6C7524441280E92155 /* Lato-BlackItalic.ttf */,
				A12714EEB5614C9A95773669 /* Lato-Bold.ttf */,
				934231BF4816431296FE3A2A /* Lato-BoldItalic.ttf */,
				A432E7EFFCF0471BBCECDD86 /* Lato-Italic.ttf */,
				73C8847E6CAB44E2B6DB2AC6 /* Lato-Light.ttf */,
				7EB20576527A41F1A4CDD57C /* Lato-LightItalic.ttf */,
				F7E1DE908B3C434EB2BE79B2 /* Lato-Regular.ttf */,
				342AA82392184744BFD69921 /* Lato-Thin.ttf */,
				FA7C6476DB6A4D9E8057AA4C /* Lato-ThinItalic.ttf */,
			);
			name = Resources;
			sourceTree = "<group>";
		};
/* End PBXGroup section */

/* Begin PBXNativeTarget section */
		00E356ED1AD99517003FC87E /* CasperDashTests */ = {
			isa = PBXNativeTarget;
			buildConfigurationList = 00E357021AD99517003FC87E /* Build configuration list for PBXNativeTarget "CasperDashTests" */;
			buildPhases = (
				5847361E57E279A594B1CF50 /* [CP] Check Pods Manifest.lock */,
				00E356EA1AD99517003FC87E /* Sources */,
				00E356EB1AD99517003FC87E /* Frameworks */,
				00E356EC1AD99517003FC87E /* Resources */,
				C929711E2A5E96E5D9CBB41F /* [CP] Embed Pods Frameworks */,
				20A6ECCC823F99E7AA8A4B80 /* [CP] Copy Pods Resources */,
			);
			buildRules = (
			);
			dependencies = (
				00E356F51AD99517003FC87E /* PBXTargetDependency */,
			);
			name = CasperDashTests;
			productName = CasperDashTests;
			productReference = 00E356EE1AD99517003FC87E /* CasperDashTests.xctest */;
			productType = "com.apple.product-type.bundle.unit-test";
		};
		13B07F861A680F5B00A75B9A /* CasperDash */ = {
			isa = PBXNativeTarget;
			buildConfigurationList = 13B07F931A680F5B00A75B9A /* Build configuration list for PBXNativeTarget "CasperDash" */;
			buildPhases = (
				1C2AEFD7983A6D86DF1C8034 /* [CP] Check Pods Manifest.lock */,
				FD10A7F022414F080027D42C /* Start Packager */,
				13B07F871A680F5B00A75B9A /* Sources */,
				13B07F8C1A680F5B00A75B9A /* Frameworks */,
				13B07F8E1A680F5B00A75B9A /* Resources */,
				00DD1BFF1BD5951E006B06BC /* Bundle React Native code and images */,
				FBB05CA40E4DD45C4D4C9EED /* [CP] Embed Pods Frameworks */,
				3ABE7F956503443371C29828 /* [CP] Copy Pods Resources */,
				38FCCD4D8DD84AA1ACD5B1A2 /* Upload Debug Symbols to Sentry */,
			);
			buildRules = (
			);
			dependencies = (
			);
			name = CasperDash;
			productName = CasperDash;
			productReference = 13B07F961A680F5B00A75B9A /* CasperDash.app */;
			productType = "com.apple.product-type.application";
		};
/* End PBXNativeTarget section */

/* Begin PBXProject section */
		83CBB9F71A601CBA00E9B192 /* Project object */ = {
			isa = PBXProject;
			attributes = {
				LastUpgradeCheck = 1320;
				TargetAttributes = {
					00E356ED1AD99517003FC87E = {
						CreatedOnToolsVersion = 6.2;
						TestTargetID = 13B07F861A680F5B00A75B9A;
					};
					13B07F861A680F5B00A75B9A = {
						LastSwiftMigration = 1120;
					};
				};
			};
			buildConfigurationList = 83CBB9FA1A601CBA00E9B192 /* Build configuration list for PBXProject "CasperDash" */;
			compatibilityVersion = "Xcode 12.0";
			developmentRegion = en;
			hasScannedForEncodings = 0;
			knownRegions = (
				en,
				Base,
			);
			mainGroup = 83CBB9F61A601CBA00E9B192;
			productRefGroup = 83CBBA001A601CBA00E9B192 /* Products */;
			projectDirPath = "";
			projectRoot = "";
			targets = (
				13B07F861A680F5B00A75B9A /* CasperDash */,
				00E356ED1AD99517003FC87E /* CasperDashTests */,
			);
		};
/* End PBXProject section */

/* Begin PBXResourcesBuildPhase section */
		00E356EC1AD99517003FC87E /* Resources */ = {
			isa = PBXResourcesBuildPhase;
			buildActionMask = 2147483647;
			files = (
			);
			runOnlyForDeploymentPostprocessing = 0;
		};
		13B07F8E1A680F5B00A75B9A /* Resources */ = {
			isa = PBXResourcesBuildPhase;
			buildActionMask = 2147483647;
			files = (
				81AB9BB82411601600AC10FF /* LaunchScreen.storyboard in Resources */,
				13B07FBF1A68108700A75B9A /* Images.xcassets in Resources */,
				046203BD278DC40500ABF808 /* splash.png in Resources */,
				78AD49892C6748CBB08F8BBC /* Poppins-Black.ttf in Resources */,
				3DBF5E91CAE9426E9DC7D728 /* Poppins-BlackItalic.ttf in Resources */,
				052BBD61E9424BDA97246BE2 /* Poppins-Bold.ttf in Resources */,
				70F5506208634315945A3E29 /* Poppins-BoldItalic.ttf in Resources */,
				72A7FD75E98F4FFE97DDCB3D /* Poppins-ExtraBold.ttf in Resources */,
				A692DCBDE24E48648D4C59A4 /* Poppins-ExtraBoldItalic.ttf in Resources */,
				0B456D0695F3490BAF33B0FA /* Poppins-ExtraLight.ttf in Resources */,
				F45AFEC1802C45B8B3D106B9 /* Poppins-ExtraLightItalic.ttf in Resources */,
				B599EAB2A42E4598B6148383 /* Poppins-Italic.ttf in Resources */,
				C005A936E2284B2E89006ED8 /* Poppins-Light.ttf in Resources */,
				DF9B5DAEC8C04BFCAB403771 /* Poppins-LightItalic.ttf in Resources */,
				035EAB018B6B43ABAFB0EE72 /* Poppins-Medium.ttf in Resources */,
				50D3AC6AB07849AEAD8C5E23 /* Poppins-MediumItalic.ttf in Resources */,
				FEDE4505332E461AB2020532 /* Poppins-Regular.ttf in Resources */,
				CEE9A9D6B243450A94EC329B /* Poppins-SemiBold.ttf in Resources */,
				9DAEAE269B754FD8BD0FE306 /* Poppins-SemiBoldItalic.ttf in Resources */,
				8557EDE9A8CC44B2B8EF9C96 /* Poppins-Thin.ttf in Resources */,
				D0A1A9B4E9894A74AD84EFB1 /* Poppins-ThinItalic.ttf in Resources */,
				D271730A94B3413182288176 /* DMSans-Bold.ttf in Resources */,
				A955FCB41EF94339A69619A8 /* DMSans-BoldItalic.ttf in Resources */,
				6A6D9E321B584675A78D5C18 /* DMSans-Italic.ttf in Resources */,
				26B9D3323D3447F68BA998F5 /* DMSans-Medium.ttf in Resources */,
				EEA08F818957497B82D498D7 /* DMSans-MediumItalic.ttf in Resources */,
				35A05A28193B4E4DBA7BCDCB /* DMSans-Regular.ttf in Resources */,
				682D56DAFF6D4C81B25486A0 /* Lato-Black.ttf in Resources */,
				18AA35F675044112A743E8BA /* Lato-BlackItalic.ttf in Resources */,
				5A29B9C53FFE42A398C51935 /* Lato-Bold.ttf in Resources */,
				2F82B67BD6E64E3A88CA054B /* Lato-BoldItalic.ttf in Resources */,
				B15F2753CA34460786B59D14 /* Lato-Italic.ttf in Resources */,
				FC1C7CC6A2CF40618317A924 /* Lato-Light.ttf in Resources */,
				D44EAAD995F048E18EC13F6A /* Lato-LightItalic.ttf in Resources */,
				E5FD22F353244BAD95DB3BD6 /* Lato-Regular.ttf in Resources */,
				418BB4A91BA945D3B5682978 /* Lato-Thin.ttf in Resources */,
				444A20051C354B958892F3D2 /* Lato-ThinItalic.ttf in Resources */,
			);
			runOnlyForDeploymentPostprocessing = 0;
		};
/* End PBXResourcesBuildPhase section */

/* Begin PBXShellScriptBuildPhase section */
		00DD1BFF1BD5951E006B06BC /* Bundle React Native code and images */ = {
			isa = PBXShellScriptBuildPhase;
			buildActionMask = 2147483647;
			files = (
			);
			inputPaths = (
			);
			name = "Bundle React Native code and images";
			outputPaths = (
			);
			runOnlyForDeploymentPostprocessing = 0;
			shellPath = /bin/sh;
			shellScript = "export SENTRY_PROPERTIES=sentry.properties\nexport EXTRA_PACKAGER_ARGS=\"--sourcemap-output $DERIVED_FILE_DIR/main.jsbundle.map\"\nset -e\n\nexport NODE_BINARY=node\n../node_modules/react-native/scripts/react-native-xcode.sh\n\n/bin/sh ../node_modules/@sentry/react-native/scripts/collect-modules.sh\n";
		};
		1C2AEFD7983A6D86DF1C8034 /* [CP] Check Pods Manifest.lock */ = {
			isa = PBXShellScriptBuildPhase;
			buildActionMask = 2147483647;
			files = (
			);
			inputFileListPaths = (
			);
			inputPaths = (
				"${PODS_PODFILE_DIR_PATH}/Podfile.lock",
				"${PODS_ROOT}/Manifest.lock",
			);
			name = "[CP] Check Pods Manifest.lock";
			outputFileListPaths = (
			);
			outputPaths = (
				"$(DERIVED_FILE_DIR)/Pods-CasperDash-checkManifestLockResult.txt",
			);
			runOnlyForDeploymentPostprocessing = 0;
			shellPath = /bin/sh;
			shellScript = "diff \"${PODS_PODFILE_DIR_PATH}/Podfile.lock\" \"${PODS_ROOT}/Manifest.lock\" > /dev/null\nif [ $? != 0 ] ; then\n    # print error to STDERR\n    echo \"error: The sandbox is not in sync with the Podfile.lock. Run 'pod install' or update your CocoaPods installation.\" >&2\n    exit 1\nfi\n# This output is used by Xcode 'outputs' to avoid re-running this script phase.\necho \"SUCCESS\" > \"${SCRIPT_OUTPUT_FILE_0}\"\n";
			showEnvVarsInLog = 0;
		};
		20A6ECCC823F99E7AA8A4B80 /* [CP] Copy Pods Resources */ = {
			isa = PBXShellScriptBuildPhase;
			buildActionMask = 2147483647;
			files = (
			);
			inputFileListPaths = (
				"${PODS_ROOT}/Target Support Files/Pods-CasperDash-CasperDashTests/Pods-CasperDash-CasperDashTests-resources-${CONFIGURATION}-input-files.xcfilelist",
			);
			name = "[CP] Copy Pods Resources";
			outputFileListPaths = (
				"${PODS_ROOT}/Target Support Files/Pods-CasperDash-CasperDashTests/Pods-CasperDash-CasperDashTests-resources-${CONFIGURATION}-output-files.xcfilelist",
			);
			runOnlyForDeploymentPostprocessing = 0;
			shellPath = /bin/sh;
			shellScript = "\"${PODS_ROOT}/Target Support Files/Pods-CasperDash-CasperDashTests/Pods-CasperDash-CasperDashTests-resources.sh\"\n";
			showEnvVarsInLog = 0;
		};
		38FCCD4D8DD84AA1ACD5B1A2 /* Upload Debug Symbols to Sentry */ = {
			isa = PBXShellScriptBuildPhase;
			buildActionMask = 2147483647;
			files = (
			);
			inputPaths = (
			);
			name = "Upload Debug Symbols to Sentry";
			outputPaths = (
			);
			runOnlyForDeploymentPostprocessing = 0;
			shellPath = /bin/sh;
			shellScript = "\nexport SENTRY_PROPERTIES=sentry.properties\n[[ $SENTRY_INCLUDE_NATIVE_SOURCES == \"true\" ]] && INCLUDE_SOURCES_FLAG=\"--include-sources\" || INCLUDE_SOURCES_FLAG=\"\"\n../node_modules/@sentry/cli/bin/sentry-cli debug-files upload \"$INCLUDE_SOURCES_FLAG\" \"$DWARF_DSYM_FOLDER_PATH\"\n";
		};
		3ABE7F956503443371C29828 /* [CP] Copy Pods Resources */ = {
			isa = PBXShellScriptBuildPhase;
			buildActionMask = 2147483647;
			files = (
			);
			inputFileListPaths = (
				"${PODS_ROOT}/Target Support Files/Pods-CasperDash/Pods-CasperDash-resources-${CONFIGURATION}-input-files.xcfilelist",
			);
			name = "[CP] Copy Pods Resources";
			outputFileListPaths = (
				"${PODS_ROOT}/Target Support Files/Pods-CasperDash/Pods-CasperDash-resources-${CONFIGURATION}-output-files.xcfilelist",
			);
			runOnlyForDeploymentPostprocessing = 0;
			shellPath = /bin/sh;
			shellScript = "\"${PODS_ROOT}/Target Support Files/Pods-CasperDash/Pods-CasperDash-resources.sh\"\n";
			showEnvVarsInLog = 0;
		};
		5847361E57E279A594B1CF50 /* [CP] Check Pods Manifest.lock */ = {
			isa = PBXShellScriptBuildPhase;
			buildActionMask = 2147483647;
			files = (
			);
			inputFileListPaths = (
			);
			inputPaths = (
				"${PODS_PODFILE_DIR_PATH}/Podfile.lock",
				"${PODS_ROOT}/Manifest.lock",
			);
			name = "[CP] Check Pods Manifest.lock";
			outputFileListPaths = (
			);
			outputPaths = (
				"$(DERIVED_FILE_DIR)/Pods-CasperDash-CasperDashTests-checkManifestLockResult.txt",
			);
			runOnlyForDeploymentPostprocessing = 0;
			shellPath = /bin/sh;
			shellScript = "diff \"${PODS_PODFILE_DIR_PATH}/Podfile.lock\" \"${PODS_ROOT}/Manifest.lock\" > /dev/null\nif [ $? != 0 ] ; then\n    # print error to STDERR\n    echo \"error: The sandbox is not in sync with the Podfile.lock. Run 'pod install' or update your CocoaPods installation.\" >&2\n    exit 1\nfi\n# This output is used by Xcode 'outputs' to avoid re-running this script phase.\necho \"SUCCESS\" > \"${SCRIPT_OUTPUT_FILE_0}\"\n";
			showEnvVarsInLog = 0;
		};
		C929711E2A5E96E5D9CBB41F /* [CP] Embed Pods Frameworks */ = {
			isa = PBXShellScriptBuildPhase;
			buildActionMask = 2147483647;
			files = (
			);
			inputFileListPaths = (
				"${PODS_ROOT}/Target Support Files/Pods-CasperDash-CasperDashTests/Pods-CasperDash-CasperDashTests-frameworks-${CONFIGURATION}-input-files.xcfilelist",
			);
			name = "[CP] Embed Pods Frameworks";
			outputFileListPaths = (
				"${PODS_ROOT}/Target Support Files/Pods-CasperDash-CasperDashTests/Pods-CasperDash-CasperDashTests-frameworks-${CONFIGURATION}-output-files.xcfilelist",
			);
			runOnlyForDeploymentPostprocessing = 0;
			shellPath = /bin/sh;
			shellScript = "\"${PODS_ROOT}/Target Support Files/Pods-CasperDash-CasperDashTests/Pods-CasperDash-CasperDashTests-frameworks.sh\"\n";
			showEnvVarsInLog = 0;
		};
		FBB05CA40E4DD45C4D4C9EED /* [CP] Embed Pods Frameworks */ = {
			isa = PBXShellScriptBuildPhase;
			buildActionMask = 2147483647;
			files = (
			);
			inputFileListPaths = (
				"${PODS_ROOT}/Target Support Files/Pods-CasperDash/Pods-CasperDash-frameworks-${CONFIGURATION}-input-files.xcfilelist",
			);
			name = "[CP] Embed Pods Frameworks";
			outputFileListPaths = (
				"${PODS_ROOT}/Target Support Files/Pods-CasperDash/Pods-CasperDash-frameworks-${CONFIGURATION}-output-files.xcfilelist",
			);
			runOnlyForDeploymentPostprocessing = 0;
			shellPath = /bin/sh;
			shellScript = "\"${PODS_ROOT}/Target Support Files/Pods-CasperDash/Pods-CasperDash-frameworks.sh\"\n";
			showEnvVarsInLog = 0;
		};
		FD10A7F022414F080027D42C /* Start Packager */ = {
			isa = PBXShellScriptBuildPhase;
			buildActionMask = 2147483647;
			files = (
			);
			inputFileListPaths = (
			);
			inputPaths = (
			);
			name = "Start Packager";
			outputFileListPaths = (
			);
			outputPaths = (
			);
			runOnlyForDeploymentPostprocessing = 0;
			shellPath = /bin/sh;
			shellScript = "export RCT_METRO_PORT=\"${RCT_METRO_PORT:=8081}\"\necho \"export RCT_METRO_PORT=${RCT_METRO_PORT}\" > \"${SRCROOT}/../node_modules/react-native/scripts/.packager.env\"\nif [ -z \"${RCT_NO_LAUNCH_PACKAGER+xxx}\" ] ; then\n  if nc -w 5 -z localhost ${RCT_METRO_PORT} ; then\n    if ! curl -s \"http://localhost:${RCT_METRO_PORT}/status\" | grep -q \"packager-status:running\" ; then\n      echo \"Port ${RCT_METRO_PORT} already in use, packager is either not running or not running correctly\"\n      exit 2\n    fi\n  else\n    open \"$SRCROOT/../node_modules/react-native/scripts/launchPackager.command\" || echo \"Can't start packager automatically\"\n  fi\nfi\n";
			showEnvVarsInLog = 0;
		};
/* End PBXShellScriptBuildPhase section */

/* Begin PBXSourcesBuildPhase section */
		00E356EA1AD99517003FC87E /* Sources */ = {
			isa = PBXSourcesBuildPhase;
			buildActionMask = 2147483647;
			files = (
				00E356F31AD99517003FC87E /* CasperDashTests.m in Sources */,
			);
			runOnlyForDeploymentPostprocessing = 0;
		};
		13B07F871A680F5B00A75B9A /* Sources */ = {
			isa = PBXSourcesBuildPhase;
			buildActionMask = 2147483647;
			files = (
				13B07FBC1A68108700A75B9A /* AppDelegate.m in Sources */,
				13B07FC11A68108700A75B9A /* main.m in Sources */,
			);
			runOnlyForDeploymentPostprocessing = 0;
		};
/* End PBXSourcesBuildPhase section */

/* Begin PBXTargetDependency section */
		00E356F51AD99517003FC87E /* PBXTargetDependency */ = {
			isa = PBXTargetDependency;
			target = 13B07F861A680F5B00A75B9A /* CasperDash */;
			targetProxy = 00E356F41AD99517003FC87E /* PBXContainerItemProxy */;
		};
/* End PBXTargetDependency section */

/* Begin XCBuildConfiguration section */
		00E356F61AD99517003FC87E /* Debug */ = {
			isa = XCBuildConfiguration;
			baseConfigurationReference = 312B4E1127C0BE8B126E2BB8 /* Pods-CasperDash-CasperDashTests.debug.xcconfig */;
			buildSettings = {
				ALWAYS_EMBED_SWIFT_STANDARD_LIBRARIES = YES;
				BUNDLE_LOADER = "$(TEST_HOST)";
				GCC_PREPROCESSOR_DEFINITIONS = (
					"DEBUG=1",
					"$(inherited)",
				);
				INFOPLIST_FILE = CasperDashTests/Info.plist;
				IPHONEOS_DEPLOYMENT_TARGET = 12.0;
				LD_RUNPATH_SEARCH_PATHS = (
					"$(inherited)",
					"@executable_path/Frameworks",
					"@loader_path/Frameworks",
				);
				OTHER_LDFLAGS = (
					"-ObjC",
					"-lc++",
					"$(inherited)",
				);
				PRODUCT_BUNDLE_IDENTIFIER = "org.reactjs.native.example.$(PRODUCT_NAME:rfc1034identifier)";
				PRODUCT_NAME = "$(TARGET_NAME)";
				TEST_HOST = "$(BUILT_PRODUCTS_DIR)/CasperDash.app/CasperDash";
			};
			name = Debug;
		};
		00E356F71AD99517003FC87E /* Release */ = {
			isa = XCBuildConfiguration;
			baseConfigurationReference = 294EC6B833947F81C134B72F /* Pods-CasperDash-CasperDashTests.release.xcconfig */;
			buildSettings = {
				ALWAYS_EMBED_SWIFT_STANDARD_LIBRARIES = YES;
				BUNDLE_LOADER = "$(TEST_HOST)";
				COPY_PHASE_STRIP = NO;
				INFOPLIST_FILE = CasperDashTests/Info.plist;
				IPHONEOS_DEPLOYMENT_TARGET = 12.0;
				LD_RUNPATH_SEARCH_PATHS = (
					"$(inherited)",
					"@executable_path/Frameworks",
					"@loader_path/Frameworks",
				);
				OTHER_LDFLAGS = (
					"-ObjC",
					"-lc++",
					"$(inherited)",
				);
				PRODUCT_BUNDLE_IDENTIFIER = "org.reactjs.native.example.$(PRODUCT_NAME:rfc1034identifier)";
				PRODUCT_NAME = "$(TARGET_NAME)";
				TEST_HOST = "$(BUILT_PRODUCTS_DIR)/CasperDash.app/CasperDash";
			};
			name = Release;
		};
		13B07F941A680F5B00A75B9A /* Debug */ = {
			isa = XCBuildConfiguration;
			baseConfigurationReference = 4E57A5F87D96DE290CA18132 /* Pods-CasperDash.debug.xcconfig */;
			buildSettings = {
				ASSETCATALOG_COMPILER_APPICON_NAME = AppIcon;
				CLANG_ENABLE_MODULES = YES;
				CODE_SIGN_ENTITLEMENTS = CasperDash/CasperDash.entitlements;
				CODE_SIGN_IDENTITY = "Apple Development";
				CODE_SIGN_STYLE = Automatic;
				CURRENT_PROJECT_VERSION = 47;
				DEVELOPMENT_TEAM = 75YKDC6QCL;
				ENABLE_BITCODE = NO;
				INFOPLIST_FILE = CasperDash/Info.plist;
				LD_RUNPATH_SEARCH_PATHS = (
					"$(inherited)",
					"@executable_path/Frameworks",
				);
				MARKETING_VERSION = 2.0.1;
				OTHER_LDFLAGS = (
					"$(inherited)",
					"-ObjC",
					"-lc++",
				);
				PRODUCT_BUNDLE_IDENTIFIER = io.casperdash.casperwallet;
				PRODUCT_NAME = CasperDash;
				PROVISIONING_PROFILE_SPECIFIER = "";
				SWIFT_OPTIMIZATION_LEVEL = "-Onone";
				SWIFT_VERSION = 5.0;
				VERSIONING_SYSTEM = "apple-generic";
			};
			name = Debug;
		};
		13B07F951A680F5B00A75B9A /* Release */ = {
			isa = XCBuildConfiguration;
			baseConfigurationReference = 230C57EB641FD8D0EAC1FA09 /* Pods-CasperDash.release.xcconfig */;
			buildSettings = {
				ASSETCATALOG_COMPILER_APPICON_NAME = AppIcon;
				CLANG_ENABLE_MODULES = YES;
				CODE_SIGN_ENTITLEMENTS = CasperDash/CasperDash.entitlements;
				CODE_SIGN_IDENTITY = "Apple Development";
				CODE_SIGN_STYLE = Automatic;
				CURRENT_PROJECT_VERSION = 47;
				DEVELOPMENT_TEAM = 75YKDC6QCL;
				INFOPLIST_FILE = CasperDash/Info.plist;
				LD_RUNPATH_SEARCH_PATHS = (
					"$(inherited)",
					"@executable_path/Frameworks",
				);
				MARKETING_VERSION = 2.0.1;
				OTHER_LDFLAGS = (
					"$(inherited)",
					"-ObjC",
					"-lc++",
				);
				PRODUCT_BUNDLE_IDENTIFIER = io.casperdash.casperwallet;
				PRODUCT_NAME = CasperDash;
				PROVISIONING_PROFILE_SPECIFIER = "";
				SWIFT_VERSION = 5.0;
				VERSIONING_SYSTEM = "apple-generic";
			};
			name = Release;
		};
		83CBBA201A601CBA00E9B192 /* Debug */ = {
			isa = XCBuildConfiguration;
			buildSettings = {
				ALWAYS_SEARCH_USER_PATHS = NO;
				CLANG_ANALYZER_LOCALIZABILITY_NONLOCALIZED = YES;
				CLANG_CXX_LANGUAGE_STANDARD = "c++17";
				CLANG_CXX_LIBRARY = "libc++";
				CLANG_ENABLE_MODULES = YES;
				CLANG_ENABLE_OBJC_ARC = YES;
				CLANG_WARN_BLOCK_CAPTURE_AUTORELEASING = YES;
				CLANG_WARN_BOOL_CONVERSION = YES;
				CLANG_WARN_COMMA = YES;
				CLANG_WARN_CONSTANT_CONVERSION = YES;
				CLANG_WARN_DEPRECATED_OBJC_IMPLEMENTATIONS = YES;
				CLANG_WARN_DIRECT_OBJC_ISA_USAGE = YES_ERROR;
				CLANG_WARN_EMPTY_BODY = YES;
				CLANG_WARN_ENUM_CONVERSION = YES;
				CLANG_WARN_INFINITE_RECURSION = YES;
				CLANG_WARN_INT_CONVERSION = YES;
				CLANG_WARN_NON_LITERAL_NULL_CONVERSION = YES;
				CLANG_WARN_OBJC_IMPLICIT_RETAIN_SELF = YES;
				CLANG_WARN_OBJC_LITERAL_CONVERSION = YES;
				CLANG_WARN_OBJC_ROOT_CLASS = YES_ERROR;
				CLANG_WARN_QUOTED_INCLUDE_IN_FRAMEWORK_HEADER = YES;
				CLANG_WARN_RANGE_LOOP_ANALYSIS = YES;
				CLANG_WARN_STRICT_PROTOTYPES = YES;
				CLANG_WARN_SUSPICIOUS_MOVE = YES;
				CLANG_WARN_UNREACHABLE_CODE = YES;
				CLANG_WARN__DUPLICATE_METHOD_MATCH = YES;
				"CODE_SIGN_IDENTITY[sdk=iphoneos*]" = "iPhone Developer";
				COPY_PHASE_STRIP = NO;
				ENABLE_STRICT_OBJC_MSGSEND = YES;
				ENABLE_TESTABILITY = YES;
				"EXCLUDED_ARCHS[sdk=iphonesimulator*]" = "";
				GCC_C_LANGUAGE_STANDARD = gnu99;
				GCC_DYNAMIC_NO_PIC = NO;
				GCC_NO_COMMON_BLOCKS = YES;
				GCC_OPTIMIZATION_LEVEL = 0;
				GCC_PREPROCESSOR_DEFINITIONS = (
					"DEBUG=1",
					"$(inherited)",
				);
				GCC_SYMBOLS_PRIVATE_EXTERN = NO;
				GCC_WARN_64_TO_32_BIT_CONVERSION = YES;
				GCC_WARN_ABOUT_RETURN_TYPE = YES_ERROR;
				GCC_WARN_UNDECLARED_SELECTOR = YES;
				GCC_WARN_UNINITIALIZED_AUTOS = YES_AGGRESSIVE;
				GCC_WARN_UNUSED_FUNCTION = YES;
				GCC_WARN_UNUSED_VARIABLE = YES;
				IPHONEOS_DEPLOYMENT_TARGET = 11.0;
				LD_RUNPATH_SEARCH_PATHS = (
					/usr/lib/swift,
					"$(inherited)",
				);
				LIBRARY_SEARCH_PATHS = (
					"$(SDKROOT)/usr/lib/swift",
					"\"$(TOOLCHAIN_DIR)/usr/lib/swift/$(PLATFORM_NAME)\"",
					"\"$(inherited)\"",
				);
				MTL_ENABLE_DEBUG_INFO = YES;
				ONLY_ACTIVE_ARCH = YES;
				REACT_NATIVE_PATH = "${PODS_ROOT}/../../node_modules/react-native";
				SDKROOT = iphoneos;
			};
			name = Debug;
		};
		83CBBA211A601CBA00E9B192 /* Release */ = {
			isa = XCBuildConfiguration;
			buildSettings = {
				ALWAYS_SEARCH_USER_PATHS = NO;
				CLANG_ANALYZER_LOCALIZABILITY_NONLOCALIZED = YES;
				CLANG_CXX_LANGUAGE_STANDARD = "c++17";
				CLANG_CXX_LIBRARY = "libc++";
				CLANG_ENABLE_MODULES = YES;
				CLANG_ENABLE_OBJC_ARC = YES;
				CLANG_WARN_BLOCK_CAPTURE_AUTORELEASING = YES;
				CLANG_WARN_BOOL_CONVERSION = YES;
				CLANG_WARN_COMMA = YES;
				CLANG_WARN_CONSTANT_CONVERSION = YES;
				CLANG_WARN_DEPRECATED_OBJC_IMPLEMENTATIONS = YES;
				CLANG_WARN_DIRECT_OBJC_ISA_USAGE = YES_ERROR;
				CLANG_WARN_EMPTY_BODY = YES;
				CLANG_WARN_ENUM_CONVERSION = YES;
				CLANG_WARN_INFINITE_RECURSION = YES;
				CLANG_WARN_INT_CONVERSION = YES;
				CLANG_WARN_NON_LITERAL_NULL_CONVERSION = YES;
				CLANG_WARN_OBJC_IMPLICIT_RETAIN_SELF = YES;
				CLANG_WARN_OBJC_LITERAL_CONVERSION = YES;
				CLANG_WARN_OBJC_ROOT_CLASS = YES_ERROR;
				CLANG_WARN_QUOTED_INCLUDE_IN_FRAMEWORK_HEADER = YES;
				CLANG_WARN_RANGE_LOOP_ANALYSIS = YES;
				CLANG_WARN_STRICT_PROTOTYPES = YES;
				CLANG_WARN_SUSPICIOUS_MOVE = YES;
				CLANG_WARN_UNREACHABLE_CODE = YES;
				CLANG_WARN__DUPLICATE_METHOD_MATCH = YES;
				"CODE_SIGN_IDENTITY[sdk=iphoneos*]" = "iPhone Developer";
				COPY_PHASE_STRIP = YES;
				ENABLE_NS_ASSERTIONS = NO;
				ENABLE_STRICT_OBJC_MSGSEND = YES;
				"EXCLUDED_ARCHS[sdk=iphonesimulator*]" = "";
				GCC_C_LANGUAGE_STANDARD = gnu99;
				GCC_NO_COMMON_BLOCKS = YES;
				GCC_WARN_64_TO_32_BIT_CONVERSION = YES;
				GCC_WARN_ABOUT_RETURN_TYPE = YES_ERROR;
				GCC_WARN_UNDECLARED_SELECTOR = YES;
				GCC_WARN_UNINITIALIZED_AUTOS = YES_AGGRESSIVE;
				GCC_WARN_UNUSED_FUNCTION = YES;
				GCC_WARN_UNUSED_VARIABLE = YES;
				IPHONEOS_DEPLOYMENT_TARGET = 11.0;
				LD_RUNPATH_SEARCH_PATHS = (
					/usr/lib/swift,
					"$(inherited)",
				);
				LIBRARY_SEARCH_PATHS = (
					"$(SDKROOT)/usr/lib/swift",
					"\"$(TOOLCHAIN_DIR)/usr/lib/swift/$(PLATFORM_NAME)\"",
					"\"$(inherited)\"",
				);
				MTL_ENABLE_DEBUG_INFO = NO;
				REACT_NATIVE_PATH = "${PODS_ROOT}/../../node_modules/react-native";
				SDKROOT = iphoneos;
				VALIDATE_PRODUCT = YES;
			};
			name = Release;
		};
/* End XCBuildConfiguration section */

/* Begin XCConfigurationList section */
		00E357021AD99517003FC87E /* Build configuration list for PBXNativeTarget "CasperDashTests" */ = {
			isa = XCConfigurationList;
			buildConfigurations = (
				00E356F61AD99517003FC87E /* Debug */,
				00E356F71AD99517003FC87E /* Release */,
			);
			defaultConfigurationIsVisible = 0;
			defaultConfigurationName = Release;
		};
		13B07F931A680F5B00A75B9A /* Build configuration list for PBXNativeTarget "CasperDash" */ = {
			isa = XCConfigurationList;
			buildConfigurations = (
				13B07F941A680F5B00A75B9A /* Debug */,
				13B07F951A680F5B00A75B9A /* Release */,
			);
			defaultConfigurationIsVisible = 0;
			defaultConfigurationName = Release;
		};
		83CBB9FA1A601CBA00E9B192 /* Build configuration list for PBXProject "CasperDash" */ = {
			isa = XCConfigurationList;
			buildConfigurations = (
				83CBBA201A601CBA00E9B192 /* Debug */,
				83CBBA211A601CBA00E9B192 /* Release */,
			);
			defaultConfigurationIsVisible = 0;
			defaultConfigurationName = Release;
		};
/* End XCConfigurationList section */
	};
	rootObject = 83CBB9F71A601CBA00E9B192 /* Project object */;
}
